
Microsoft Visual Studio Solution File, Format Version 12.00
# Visual Studio Version 16
VisualStudioVersion = 16.0.31019.35
MinimumVisualStudioVersion = 10.0.40219.1
Project("{FAE04EC0-301F-11D3-BF4B-00C04F79EFBC}") = "detyra18", "detyra18\detyra18.csproj", "{79EAF4A4-9123-4E62-B6C7-BE78A26E96A6}"
EndProject
Global
	GlobalSection(SolutionConfigurationPlatforms) = preSolution
		Debug|Any CPU = Debug|Any CPU
		Release|Any CPU = Release|Any CPU
	EndGlobalSection
	GlobalSection(ProjectConfigurationPlatforms) = postSolution
		{79EAF4A4-9123-4E62-B6C7-BE78A26E96A6}.Debug|Any CPU.ActiveCfg = Debug|Any CPU
		{79EAF4A4-9123-4E62-B6C7-BE78A26E96A6}.Debug|Any CPU.Build.0 = Debug|Any CPU
		{79EAF4A4-9123-4E62-B6C7-BE78A26E96A6}.Release|Any CPU.ActiveCfg = Release|Any CPU
		{79EAF4A4-9123-4E62-B6C7-BE78A26E96A6}.Release|Any CPU.Build.0 = Release|Any CPU
	EndGlobalSection
	GlobalSection(SolutionProperties) = preSolution
		HideSolutionNode = FALSE
	EndGlobalSection
	GlobalSection(ExtensibilityGlobals) = postSolution
		SolutionGuid = {ABE79059-53D9-40BE-B0A7-18DEC5620440}
	EndGlobalSection
EndGlobal
