
Microsoft Visual Studio Solution File, Format Version 12.00
# Visual Studio Version 16
VisualStudioVersion = 16.0.31019.35
MinimumVisualStudioVersion = 10.0.40219.1
Project("{FAE04EC0-301F-11D3-BF4B-00C04F79EFBC}") = "detyra5", "detyra5\detyra5.csproj", "{86FFDE70-C1D5-43CD-AEC1-B6AB3639CC5F}"
EndProject
Global
	GlobalSection(SolutionConfigurationPlatforms) = preSolution
		Debug|Any CPU = Debug|Any CPU
		Release|Any CPU = Release|Any CPU
	EndGlobalSection
	GlobalSection(ProjectConfigurationPlatforms) = postSolution
		{86FFDE70-C1D5-43CD-AEC1-B6AB3639CC5F}.Debug|Any CPU.ActiveCfg = Debug|Any CPU
		{86FFDE70-C1D5-43CD-AEC1-B6AB3639CC5F}.Debug|Any CPU.Build.0 = Debug|Any CPU
		{86FFDE70-C1D5-43CD-AEC1-B6AB3639CC5F}.Release|Any CPU.ActiveCfg = Release|Any CPU
		{86FFDE70-C1D5-43CD-AEC1-B6AB3639CC5F}.Release|Any CPU.Build.0 = Release|Any CPU
	EndGlobalSection
	GlobalSection(SolutionProperties) = preSolution
		HideSolutionNode = FALSE
	EndGlobalSection
	GlobalSection(ExtensibilityGlobals) = postSolution
		SolutionGuid = {068D5BA5-986E-4978-8653-895CF9648DE6}
	EndGlobalSection
EndGlobal
