
Microsoft Visual Studio Solution File, Format Version 12.00
# Visual Studio Version 16
VisualStudioVersion = 16.0.31019.35
MinimumVisualStudioVersion = 10.0.40219.1
Project("{FAE04EC0-301F-11D3-BF4B-00C04F79EFBC}") = "detyra13", "detyra13\detyra13.csproj", "{3658F7B2-A980-413E-A829-4AD462682E5E}"
EndProject
Global
	GlobalSection(SolutionConfigurationPlatforms) = preSolution
		Debug|Any CPU = Debug|Any CPU
		Release|Any CPU = Release|Any CPU
	EndGlobalSection
	GlobalSection(ProjectConfigurationPlatforms) = postSolution
		{3658F7B2-A980-413E-A829-4AD462682E5E}.Debug|Any CPU.ActiveCfg = Debug|Any CPU
		{3658F7B2-A980-413E-A829-4AD462682E5E}.Debug|Any CPU.Build.0 = Debug|Any CPU
		{3658F7B2-A980-413E-A829-4AD462682E5E}.Release|Any CPU.ActiveCfg = Release|Any CPU
		{3658F7B2-A980-413E-A829-4AD462682E5E}.Release|Any CPU.Build.0 = Release|Any CPU
	EndGlobalSection
	GlobalSection(SolutionProperties) = preSolution
		HideSolutionNode = FALSE
	EndGlobalSection
	GlobalSection(ExtensibilityGlobals) = postSolution
		SolutionGuid = {79BE31E8-93E6-4503-90DA-17DFC6057005}
	EndGlobalSection
EndGlobal
