
Microsoft Visual Studio Solution File, Format Version 12.00
# Visual Studio Version 16
VisualStudioVersion = 16.0.31019.35
MinimumVisualStudioVersion = 10.0.40219.1
Project("{FAE04EC0-301F-11D3-BF4B-00C04F79EFBC}") = "detyra4", "detyra4\detyra4.csproj", "{5DF543DB-5284-45B5-889F-2D747EAC283D}"
EndProject
Global
	GlobalSection(SolutionConfigurationPlatforms) = preSolution
		Debug|Any CPU = Debug|Any CPU
		Release|Any CPU = Release|Any CPU
	EndGlobalSection
	GlobalSection(ProjectConfigurationPlatforms) = postSolution
		{5DF543DB-5284-45B5-889F-2D747EAC283D}.Debug|Any CPU.ActiveCfg = Debug|Any CPU
		{5DF543DB-5284-45B5-889F-2D747EAC283D}.Debug|Any CPU.Build.0 = Debug|Any CPU
		{5DF543DB-5284-45B5-889F-2D747EAC283D}.Release|Any CPU.ActiveCfg = Release|Any CPU
		{5DF543DB-5284-45B5-889F-2D747EAC283D}.Release|Any CPU.Build.0 = Release|Any CPU
	EndGlobalSection
	GlobalSection(SolutionProperties) = preSolution
		HideSolutionNode = FALSE
	EndGlobalSection
	GlobalSection(ExtensibilityGlobals) = postSolution
		SolutionGuid = {BE318BE2-D7A0-4A5C-96D4-39EFDDC58029}
	EndGlobalSection
EndGlobal
