
Microsoft Visual Studio Solution File, Format Version 12.00
# Visual Studio Version 16
VisualStudioVersion = 16.0.31019.35
MinimumVisualStudioVersion = 10.0.40219.1
Project("{FAE04EC0-301F-11D3-BF4B-00C04F79EFBC}") = "detyra7", "detyra7\detyra7.csproj", "{1C650574-BDAD-45C2-B568-BD72498CBAEB}"
EndProject
Global
	GlobalSection(SolutionConfigurationPlatforms) = preSolution
		Debug|Any CPU = Debug|Any CPU
		Release|Any CPU = Release|Any CPU
	EndGlobalSection
	GlobalSection(ProjectConfigurationPlatforms) = postSolution
		{1C650574-BDAD-45C2-B568-BD72498CBAEB}.Debug|Any CPU.ActiveCfg = Debug|Any CPU
		{1C650574-BDAD-45C2-B568-BD72498CBAEB}.Debug|Any CPU.Build.0 = Debug|Any CPU
		{1C650574-BDAD-45C2-B568-BD72498CBAEB}.Release|Any CPU.ActiveCfg = Release|Any CPU
		{1C650574-BDAD-45C2-B568-BD72498CBAEB}.Release|Any CPU.Build.0 = Release|Any CPU
	EndGlobalSection
	GlobalSection(SolutionProperties) = preSolution
		HideSolutionNode = FALSE
	EndGlobalSection
	GlobalSection(ExtensibilityGlobals) = postSolution
		SolutionGuid = {F0CC76AA-04A6-4F79-9D22-ABF468F3721C}
	EndGlobalSection
EndGlobal
