
Microsoft Visual Studio Solution File, Format Version 12.00
# Visual Studio Version 16
VisualStudioVersion = 16.0.31019.35
MinimumVisualStudioVersion = 10.0.40219.1
Project("{FAE04EC0-301F-11D3-BF4B-00C04F79EFBC}") = "detyra5", "detyra5\detyra5.csproj", "{EB9BA4CD-01E1-49E4-AFCE-671241368E87}"
EndProject
Global
	GlobalSection(SolutionConfigurationPlatforms) = preSolution
		Debug|Any CPU = Debug|Any CPU
		Release|Any CPU = Release|Any CPU
	EndGlobalSection
	GlobalSection(ProjectConfigurationPlatforms) = postSolution
		{EB9BA4CD-01E1-49E4-AFCE-671241368E87}.Debug|Any CPU.ActiveCfg = Debug|Any CPU
		{EB9BA4CD-01E1-49E4-AFCE-671241368E87}.Debug|Any CPU.Build.0 = Debug|Any CPU
		{EB9BA4CD-01E1-49E4-AFCE-671241368E87}.Release|Any CPU.ActiveCfg = Release|Any CPU
		{EB9BA4CD-01E1-49E4-AFCE-671241368E87}.Release|Any CPU.Build.0 = Release|Any CPU
	EndGlobalSection
	GlobalSection(SolutionProperties) = preSolution
		HideSolutionNode = FALSE
	EndGlobalSection
	GlobalSection(ExtensibilityGlobals) = postSolution
		SolutionGuid = {60E58FFA-4165-4B61-BCDC-065148C4BB88}
	EndGlobalSection
EndGlobal
