
Microsoft Visual Studio Solution File, Format Version 12.00
# Visual Studio Version 16
VisualStudioVersion = 16.0.31019.35
MinimumVisualStudioVersion = 10.0.40219.1
Project("{FAE04EC0-301F-11D3-BF4B-00C04F79EFBC}") = "detyra11", "detyra11\detyra11.csproj", "{D4E90C02-E959-4179-8559-2B81A6FC57BA}"
EndProject
Global
	GlobalSection(SolutionConfigurationPlatforms) = preSolution
		Debug|Any CPU = Debug|Any CPU
		Release|Any CPU = Release|Any CPU
	EndGlobalSection
	GlobalSection(ProjectConfigurationPlatforms) = postSolution
		{D4E90C02-E959-4179-8559-2B81A6FC57BA}.Debug|Any CPU.ActiveCfg = Debug|Any CPU
		{D4E90C02-E959-4179-8559-2B81A6FC57BA}.Debug|Any CPU.Build.0 = Debug|Any CPU
		{D4E90C02-E959-4179-8559-2B81A6FC57BA}.Release|Any CPU.ActiveCfg = Release|Any CPU
		{D4E90C02-E959-4179-8559-2B81A6FC57BA}.Release|Any CPU.Build.0 = Release|Any CPU
	EndGlobalSection
	GlobalSection(SolutionProperties) = preSolution
		HideSolutionNode = FALSE
	EndGlobalSection
	GlobalSection(ExtensibilityGlobals) = postSolution
		SolutionGuid = {44946F3F-36EB-4666-A81A-1863D724D31F}
	EndGlobalSection
EndGlobal
