
Microsoft Visual Studio Solution File, Format Version 12.00
# Visual Studio Version 16
VisualStudioVersion = 16.0.31019.35
MinimumVisualStudioVersion = 10.0.40219.1
Project("{FAE04EC0-301F-11D3-BF4B-00C04F79EFBC}") = "detyra1", "detyra1\detyra1.csproj", "{EF7A53A2-70C3-40CD-8BB5-03D631FF936E}"
EndProject
Global
	GlobalSection(SolutionConfigurationPlatforms) = preSolution
		Debug|Any CPU = Debug|Any CPU
		Release|Any CPU = Release|Any CPU
	EndGlobalSection
	GlobalSection(ProjectConfigurationPlatforms) = postSolution
		{EF7A53A2-70C3-40CD-8BB5-03D631FF936E}.Debug|Any CPU.ActiveCfg = Debug|Any CPU
		{EF7A53A2-70C3-40CD-8BB5-03D631FF936E}.Debug|Any CPU.Build.0 = Debug|Any CPU
		{EF7A53A2-70C3-40CD-8BB5-03D631FF936E}.Release|Any CPU.ActiveCfg = Release|Any CPU
		{EF7A53A2-70C3-40CD-8BB5-03D631FF936E}.Release|Any CPU.Build.0 = Release|Any CPU
	EndGlobalSection
	GlobalSection(SolutionProperties) = preSolution
		HideSolutionNode = FALSE
	EndGlobalSection
	GlobalSection(ExtensibilityGlobals) = postSolution
		SolutionGuid = {0A0D7301-8E5D-46E3-8DF2-EB2369746D1B}
	EndGlobalSection
EndGlobal
