
Microsoft Visual Studio Solution File, Format Version 12.00
# Visual Studio Version 16
VisualStudioVersion = 16.0.31019.35
MinimumVisualStudioVersion = 10.0.40219.1
Project("{FAE04EC0-301F-11D3-BF4B-00C04F79EFBC}") = "detyra2", "detyra2\detyra2.csproj", "{17583976-4BCE-4BAA-A750-D3CA2043FC6B}"
EndProject
Global
	GlobalSection(SolutionConfigurationPlatforms) = preSolution
		Debug|Any CPU = Debug|Any CPU
		Release|Any CPU = Release|Any CPU
	EndGlobalSection
	GlobalSection(ProjectConfigurationPlatforms) = postSolution
		{17583976-4BCE-4BAA-A750-D3CA2043FC6B}.Debug|Any CPU.ActiveCfg = Debug|Any CPU
		{17583976-4BCE-4BAA-A750-D3CA2043FC6B}.Debug|Any CPU.Build.0 = Debug|Any CPU
		{17583976-4BCE-4BAA-A750-D3CA2043FC6B}.Release|Any CPU.ActiveCfg = Release|Any CPU
		{17583976-4BCE-4BAA-A750-D3CA2043FC6B}.Release|Any CPU.Build.0 = Release|Any CPU
	EndGlobalSection
	GlobalSection(SolutionProperties) = preSolution
		HideSolutionNode = FALSE
	EndGlobalSection
	GlobalSection(ExtensibilityGlobals) = postSolution
		SolutionGuid = {B2A656CE-0771-4AD7-A4A2-72492F6CA377}
	EndGlobalSection
EndGlobal
