
Microsoft Visual Studio Solution File, Format Version 12.00
# Visual Studio Version 16
VisualStudioVersion = 16.0.31019.35
MinimumVisualStudioVersion = 10.0.40219.1
Project("{FAE04EC0-301F-11D3-BF4B-00C04F79EFBC}") = "detyra12", "detyra12\detyra12.csproj", "{FC146DE2-9184-4A30-8FF1-D68D58FB359C}"
EndProject
Global
	GlobalSection(SolutionConfigurationPlatforms) = preSolution
		Debug|Any CPU = Debug|Any CPU
		Release|Any CPU = Release|Any CPU
	EndGlobalSection
	GlobalSection(ProjectConfigurationPlatforms) = postSolution
		{FC146DE2-9184-4A30-8FF1-D68D58FB359C}.Debug|Any CPU.ActiveCfg = Debug|Any CPU
		{FC146DE2-9184-4A30-8FF1-D68D58FB359C}.Debug|Any CPU.Build.0 = Debug|Any CPU
		{FC146DE2-9184-4A30-8FF1-D68D58FB359C}.Release|Any CPU.ActiveCfg = Release|Any CPU
		{FC146DE2-9184-4A30-8FF1-D68D58FB359C}.Release|Any CPU.Build.0 = Release|Any CPU
	EndGlobalSection
	GlobalSection(SolutionProperties) = preSolution
		HideSolutionNode = FALSE
	EndGlobalSection
	GlobalSection(ExtensibilityGlobals) = postSolution
		SolutionGuid = {7A827077-4278-4BAF-938A-B4D0833C5F67}
	EndGlobalSection
EndGlobal
