
Microsoft Visual Studio Solution File, Format Version 12.00
# Visual Studio Version 16
VisualStudioVersion = 16.0.31019.35
MinimumVisualStudioVersion = 10.0.40219.1
Project("{FAE04EC0-301F-11D3-BF4B-00C04F79EFBC}") = "detyra7", "detyra7\detyra7.csproj", "{C7B7FFCB-8E48-4344-9676-44BF48CFDD8A}"
EndProject
Global
	GlobalSection(SolutionConfigurationPlatforms) = preSolution
		Debug|Any CPU = Debug|Any CPU
		Release|Any CPU = Release|Any CPU
	EndGlobalSection
	GlobalSection(ProjectConfigurationPlatforms) = postSolution
		{C7B7FFCB-8E48-4344-9676-44BF48CFDD8A}.Debug|Any CPU.ActiveCfg = Debug|Any CPU
		{C7B7FFCB-8E48-4344-9676-44BF48CFDD8A}.Debug|Any CPU.Build.0 = Debug|Any CPU
		{C7B7FFCB-8E48-4344-9676-44BF48CFDD8A}.Release|Any CPU.ActiveCfg = Release|Any CPU
		{C7B7FFCB-8E48-4344-9676-44BF48CFDD8A}.Release|Any CPU.Build.0 = Release|Any CPU
	EndGlobalSection
	GlobalSection(SolutionProperties) = preSolution
		HideSolutionNode = FALSE
	EndGlobalSection
	GlobalSection(ExtensibilityGlobals) = postSolution
		SolutionGuid = {FDE1142B-4BED-49C9-95AB-39447C951C7B}
	EndGlobalSection
EndGlobal
