
Microsoft Visual Studio Solution File, Format Version 12.00
# Visual Studio Version 16
VisualStudioVersion = 16.0.31019.35
MinimumVisualStudioVersion = 10.0.40219.1
Project("{FAE04EC0-301F-11D3-BF4B-00C04F79EFBC}") = "detyra8", "detyra8\detyra8.csproj", "{FE4DA3BC-0843-4108-9CCA-4657943671CB}"
EndProject
Global
	GlobalSection(SolutionConfigurationPlatforms) = preSolution
		Debug|Any CPU = Debug|Any CPU
		Release|Any CPU = Release|Any CPU
	EndGlobalSection
	GlobalSection(ProjectConfigurationPlatforms) = postSolution
		{FE4DA3BC-0843-4108-9CCA-4657943671CB}.Debug|Any CPU.ActiveCfg = Debug|Any CPU
		{FE4DA3BC-0843-4108-9CCA-4657943671CB}.Debug|Any CPU.Build.0 = Debug|Any CPU
		{FE4DA3BC-0843-4108-9CCA-4657943671CB}.Release|Any CPU.ActiveCfg = Release|Any CPU
		{FE4DA3BC-0843-4108-9CCA-4657943671CB}.Release|Any CPU.Build.0 = Release|Any CPU
	EndGlobalSection
	GlobalSection(SolutionProperties) = preSolution
		HideSolutionNode = FALSE
	EndGlobalSection
	GlobalSection(ExtensibilityGlobals) = postSolution
		SolutionGuid = {8061452C-68FB-41A9-AF17-5EDCAB88E64A}
	EndGlobalSection
EndGlobal
