
Microsoft Visual Studio Solution File, Format Version 12.00
# Visual Studio Version 16
VisualStudioVersion = 16.0.31019.35
MinimumVisualStudioVersion = 10.0.40219.1
Project("{FAE04EC0-301F-11D3-BF4B-00C04F79EFBC}") = "detyra9", "detyra9\detyra9.csproj", "{552E2219-0768-43C4-BC72-653A5C10B89C}"
EndProject
Global
	GlobalSection(SolutionConfigurationPlatforms) = preSolution
		Debug|Any CPU = Debug|Any CPU
		Release|Any CPU = Release|Any CPU
	EndGlobalSection
	GlobalSection(ProjectConfigurationPlatforms) = postSolution
		{552E2219-0768-43C4-BC72-653A5C10B89C}.Debug|Any CPU.ActiveCfg = Debug|Any CPU
		{552E2219-0768-43C4-BC72-653A5C10B89C}.Debug|Any CPU.Build.0 = Debug|Any CPU
		{552E2219-0768-43C4-BC72-653A5C10B89C}.Release|Any CPU.ActiveCfg = Release|Any CPU
		{552E2219-0768-43C4-BC72-653A5C10B89C}.Release|Any CPU.Build.0 = Release|Any CPU
	EndGlobalSection
	GlobalSection(SolutionProperties) = preSolution
		HideSolutionNode = FALSE
	EndGlobalSection
	GlobalSection(ExtensibilityGlobals) = postSolution
		SolutionGuid = {455796D6-07EA-4B50-A96A-19C815A71FE0}
	EndGlobalSection
EndGlobal
