
Microsoft Visual Studio Solution File, Format Version 12.00
# Visual Studio Version 16
VisualStudioVersion = 16.0.31019.35
MinimumVisualStudioVersion = 10.0.40219.1
Project("{FAE04EC0-301F-11D3-BF4B-00C04F79EFBC}") = "detyra7", "detyra7\detyra7.csproj", "{76F3806F-0FE3-465B-BED9-8E1246982B5A}"
EndProject
Global
	GlobalSection(SolutionConfigurationPlatforms) = preSolution
		Debug|Any CPU = Debug|Any CPU
		Release|Any CPU = Release|Any CPU
	EndGlobalSection
	GlobalSection(ProjectConfigurationPlatforms) = postSolution
		{76F3806F-0FE3-465B-BED9-8E1246982B5A}.Debug|Any CPU.ActiveCfg = Debug|Any CPU
		{76F3806F-0FE3-465B-BED9-8E1246982B5A}.Debug|Any CPU.Build.0 = Debug|Any CPU
		{76F3806F-0FE3-465B-BED9-8E1246982B5A}.Release|Any CPU.ActiveCfg = Release|Any CPU
		{76F3806F-0FE3-465B-BED9-8E1246982B5A}.Release|Any CPU.Build.0 = Release|Any CPU
	EndGlobalSection
	GlobalSection(SolutionProperties) = preSolution
		HideSolutionNode = FALSE
	EndGlobalSection
	GlobalSection(ExtensibilityGlobals) = postSolution
		SolutionGuid = {442114D7-D65F-4C33-9934-99225C8A153F}
	EndGlobalSection
EndGlobal
