
Microsoft Visual Studio Solution File, Format Version 12.00
# Visual Studio Version 16
VisualStudioVersion = 16.0.31019.35
MinimumVisualStudioVersion = 10.0.40219.1
Project("{FAE04EC0-301F-11D3-BF4B-00C04F79EFBC}") = "detyra10", "detyra10\detyra10.csproj", "{1CBFF52A-1E0A-42B9-9EA5-53667A35DBFA}"
EndProject
Global
	GlobalSection(SolutionConfigurationPlatforms) = preSolution
		Debug|Any CPU = Debug|Any CPU
		Release|Any CPU = Release|Any CPU
	EndGlobalSection
	GlobalSection(ProjectConfigurationPlatforms) = postSolution
		{1CBFF52A-1E0A-42B9-9EA5-53667A35DBFA}.Debug|Any CPU.ActiveCfg = Debug|Any CPU
		{1CBFF52A-1E0A-42B9-9EA5-53667A35DBFA}.Debug|Any CPU.Build.0 = Debug|Any CPU
		{1CBFF52A-1E0A-42B9-9EA5-53667A35DBFA}.Release|Any CPU.ActiveCfg = Release|Any CPU
		{1CBFF52A-1E0A-42B9-9EA5-53667A35DBFA}.Release|Any CPU.Build.0 = Release|Any CPU
	EndGlobalSection
	GlobalSection(SolutionProperties) = preSolution
		HideSolutionNode = FALSE
	EndGlobalSection
	GlobalSection(ExtensibilityGlobals) = postSolution
		SolutionGuid = {D403E2D1-EBCA-40BC-BDA2-066825A90492}
	EndGlobalSection
EndGlobal
