
Microsoft Visual Studio Solution File, Format Version 12.00
# Visual Studio Version 16
VisualStudioVersion = 16.0.31019.35
MinimumVisualStudioVersion = 10.0.40219.1
Project("{FAE04EC0-301F-11D3-BF4B-00C04F79EFBC}") = "detyra23", "detyra23\detyra23.csproj", "{AE889754-2FDF-4E64-8066-231C36506736}"
EndProject
Global
	GlobalSection(SolutionConfigurationPlatforms) = preSolution
		Debug|Any CPU = Debug|Any CPU
		Release|Any CPU = Release|Any CPU
	EndGlobalSection
	GlobalSection(ProjectConfigurationPlatforms) = postSolution
		{AE889754-2FDF-4E64-8066-231C36506736}.Debug|Any CPU.ActiveCfg = Debug|Any CPU
		{AE889754-2FDF-4E64-8066-231C36506736}.Debug|Any CPU.Build.0 = Debug|Any CPU
		{AE889754-2FDF-4E64-8066-231C36506736}.Release|Any CPU.ActiveCfg = Release|Any CPU
		{AE889754-2FDF-4E64-8066-231C36506736}.Release|Any CPU.Build.0 = Release|Any CPU
	EndGlobalSection
	GlobalSection(SolutionProperties) = preSolution
		HideSolutionNode = FALSE
	EndGlobalSection
	GlobalSection(ExtensibilityGlobals) = postSolution
		SolutionGuid = {4F7EDDF5-1D6D-4CB2-98DE-A0FBCE341288}
	EndGlobalSection
EndGlobal
