
Microsoft Visual Studio Solution File, Format Version 12.00
# Visual Studio Version 16
VisualStudioVersion = 16.0.31019.35
MinimumVisualStudioVersion = 10.0.40219.1
Project("{FAE04EC0-301F-11D3-BF4B-00C04F79EFBC}") = "detyra18", "detyra18\detyra18.csproj", "{E137CC95-644F-47C8-BE6B-D150E30460D2}"
EndProject
Global
	GlobalSection(SolutionConfigurationPlatforms) = preSolution
		Debug|Any CPU = Debug|Any CPU
		Release|Any CPU = Release|Any CPU
	EndGlobalSection
	GlobalSection(ProjectConfigurationPlatforms) = postSolution
		{E137CC95-644F-47C8-BE6B-D150E30460D2}.Debug|Any CPU.ActiveCfg = Debug|Any CPU
		{E137CC95-644F-47C8-BE6B-D150E30460D2}.Debug|Any CPU.Build.0 = Debug|Any CPU
		{E137CC95-644F-47C8-BE6B-D150E30460D2}.Release|Any CPU.ActiveCfg = Release|Any CPU
		{E137CC95-644F-47C8-BE6B-D150E30460D2}.Release|Any CPU.Build.0 = Release|Any CPU
	EndGlobalSection
	GlobalSection(SolutionProperties) = preSolution
		HideSolutionNode = FALSE
	EndGlobalSection
	GlobalSection(ExtensibilityGlobals) = postSolution
		SolutionGuid = {265020B0-526C-4A9B-9EC0-E383F3929556}
	EndGlobalSection
EndGlobal
