
Microsoft Visual Studio Solution File, Format Version 12.00
# Visual Studio Version 16
VisualStudioVersion = 16.0.31019.35
MinimumVisualStudioVersion = 10.0.40219.1
Project("{FAE04EC0-301F-11D3-BF4B-00C04F79EFBC}") = "detyra9", "detyra9\detyra9.csproj", "{F7E51BBF-EF43-45DA-B534-14F39258FB9B}"
EndProject
Global
	GlobalSection(SolutionConfigurationPlatforms) = preSolution
		Debug|Any CPU = Debug|Any CPU
		Release|Any CPU = Release|Any CPU
	EndGlobalSection
	GlobalSection(ProjectConfigurationPlatforms) = postSolution
		{F7E51BBF-EF43-45DA-B534-14F39258FB9B}.Debug|Any CPU.ActiveCfg = Debug|Any CPU
		{F7E51BBF-EF43-45DA-B534-14F39258FB9B}.Debug|Any CPU.Build.0 = Debug|Any CPU
		{F7E51BBF-EF43-45DA-B534-14F39258FB9B}.Release|Any CPU.ActiveCfg = Release|Any CPU
		{F7E51BBF-EF43-45DA-B534-14F39258FB9B}.Release|Any CPU.Build.0 = Release|Any CPU
	EndGlobalSection
	GlobalSection(SolutionProperties) = preSolution
		HideSolutionNode = FALSE
	EndGlobalSection
	GlobalSection(ExtensibilityGlobals) = postSolution
		SolutionGuid = {F3FDAA15-3E0A-4148-AE98-1357C69E9E39}
	EndGlobalSection
EndGlobal
