
Microsoft Visual Studio Solution File, Format Version 12.00
# Visual Studio Version 16
VisualStudioVersion = 16.0.31019.35
MinimumVisualStudioVersion = 10.0.40219.1
Project("{FAE04EC0-301F-11D3-BF4B-00C04F79EFBC}") = "detyra11", "detyra11\detyra11.csproj", "{C7A46BB9-0786-429C-9FE3-41D6DE5D8B23}"
EndProject
Global
	GlobalSection(SolutionConfigurationPlatforms) = preSolution
		Debug|Any CPU = Debug|Any CPU
		Release|Any CPU = Release|Any CPU
	EndGlobalSection
	GlobalSection(ProjectConfigurationPlatforms) = postSolution
		{C7A46BB9-0786-429C-9FE3-41D6DE5D8B23}.Debug|Any CPU.ActiveCfg = Debug|Any CPU
		{C7A46BB9-0786-429C-9FE3-41D6DE5D8B23}.Debug|Any CPU.Build.0 = Debug|Any CPU
		{C7A46BB9-0786-429C-9FE3-41D6DE5D8B23}.Release|Any CPU.ActiveCfg = Release|Any CPU
		{C7A46BB9-0786-429C-9FE3-41D6DE5D8B23}.Release|Any CPU.Build.0 = Release|Any CPU
	EndGlobalSection
	GlobalSection(SolutionProperties) = preSolution
		HideSolutionNode = FALSE
	EndGlobalSection
	GlobalSection(ExtensibilityGlobals) = postSolution
		SolutionGuid = {B47CF581-A27F-44AE-8684-1BBFD586EA36}
	EndGlobalSection
EndGlobal
