
Microsoft Visual Studio Solution File, Format Version 12.00
# Visual Studio Version 16
VisualStudioVersion = 16.0.31019.35
MinimumVisualStudioVersion = 10.0.40219.1
Project("{FAE04EC0-301F-11D3-BF4B-00C04F79EFBC}") = "detyra5", "detyra5\detyra5.csproj", "{B7D3378A-3A0B-41FD-9498-38658097D4C9}"
EndProject
Global
	GlobalSection(SolutionConfigurationPlatforms) = preSolution
		Debug|Any CPU = Debug|Any CPU
		Release|Any CPU = Release|Any CPU
	EndGlobalSection
	GlobalSection(ProjectConfigurationPlatforms) = postSolution
		{B7D3378A-3A0B-41FD-9498-38658097D4C9}.Debug|Any CPU.ActiveCfg = Debug|Any CPU
		{B7D3378A-3A0B-41FD-9498-38658097D4C9}.Debug|Any CPU.Build.0 = Debug|Any CPU
		{B7D3378A-3A0B-41FD-9498-38658097D4C9}.Release|Any CPU.ActiveCfg = Release|Any CPU
		{B7D3378A-3A0B-41FD-9498-38658097D4C9}.Release|Any CPU.Build.0 = Release|Any CPU
	EndGlobalSection
	GlobalSection(SolutionProperties) = preSolution
		HideSolutionNode = FALSE
	EndGlobalSection
	GlobalSection(ExtensibilityGlobals) = postSolution
		SolutionGuid = {EBDD35DA-9602-44F6-9912-18ED1DB8FB76}
	EndGlobalSection
EndGlobal
