
Microsoft Visual Studio Solution File, Format Version 12.00
# Visual Studio Version 16
VisualStudioVersion = 16.0.31019.35
MinimumVisualStudioVersion = 10.0.40219.1
Project("{FAE04EC0-301F-11D3-BF4B-00C04F79EFBC}") = "detyra3", "detyra3\detyra3.csproj", "{8A7103A3-59BD-41BA-A29C-6F78AA26CF5A}"
EndProject
Global
	GlobalSection(SolutionConfigurationPlatforms) = preSolution
		Debug|Any CPU = Debug|Any CPU
		Release|Any CPU = Release|Any CPU
	EndGlobalSection
	GlobalSection(ProjectConfigurationPlatforms) = postSolution
		{8A7103A3-59BD-41BA-A29C-6F78AA26CF5A}.Debug|Any CPU.ActiveCfg = Debug|Any CPU
		{8A7103A3-59BD-41BA-A29C-6F78AA26CF5A}.Debug|Any CPU.Build.0 = Debug|Any CPU
		{8A7103A3-59BD-41BA-A29C-6F78AA26CF5A}.Release|Any CPU.ActiveCfg = Release|Any CPU
		{8A7103A3-59BD-41BA-A29C-6F78AA26CF5A}.Release|Any CPU.Build.0 = Release|Any CPU
	EndGlobalSection
	GlobalSection(SolutionProperties) = preSolution
		HideSolutionNode = FALSE
	EndGlobalSection
	GlobalSection(ExtensibilityGlobals) = postSolution
		SolutionGuid = {1C96AA97-A562-4D2C-8123-F3DEA37EDB87}
	EndGlobalSection
EndGlobal
