
Microsoft Visual Studio Solution File, Format Version 12.00
# Visual Studio Version 16
VisualStudioVersion = 16.0.31019.35
MinimumVisualStudioVersion = 10.0.40219.1
Project("{FAE04EC0-301F-11D3-BF4B-00C04F79EFBC}") = "detyra16", "detyra16\detyra16.csproj", "{DC482F54-6378-47AA-A4F4-2C35D6E81853}"
EndProject
Global
	GlobalSection(SolutionConfigurationPlatforms) = preSolution
		Debug|Any CPU = Debug|Any CPU
		Release|Any CPU = Release|Any CPU
	EndGlobalSection
	GlobalSection(ProjectConfigurationPlatforms) = postSolution
		{DC482F54-6378-47AA-A4F4-2C35D6E81853}.Debug|Any CPU.ActiveCfg = Debug|Any CPU
		{DC482F54-6378-47AA-A4F4-2C35D6E81853}.Debug|Any CPU.Build.0 = Debug|Any CPU
		{DC482F54-6378-47AA-A4F4-2C35D6E81853}.Release|Any CPU.ActiveCfg = Release|Any CPU
		{DC482F54-6378-47AA-A4F4-2C35D6E81853}.Release|Any CPU.Build.0 = Release|Any CPU
	EndGlobalSection
	GlobalSection(SolutionProperties) = preSolution
		HideSolutionNode = FALSE
	EndGlobalSection
	GlobalSection(ExtensibilityGlobals) = postSolution
		SolutionGuid = {B969FFB2-BE29-428E-8FBC-E3F41C490015}
	EndGlobalSection
EndGlobal
