
Microsoft Visual Studio Solution File, Format Version 12.00
# Visual Studio Version 16
VisualStudioVersion = 16.0.31019.35
MinimumVisualStudioVersion = 10.0.40219.1
Project("{FAE04EC0-301F-11D3-BF4B-00C04F79EFBC}") = "detyra8", "detyra8\detyra8.csproj", "{D4432559-AE38-4BCC-A06E-766F43B36C8E}"
EndProject
Global
	GlobalSection(SolutionConfigurationPlatforms) = preSolution
		Debug|Any CPU = Debug|Any CPU
		Release|Any CPU = Release|Any CPU
	EndGlobalSection
	GlobalSection(ProjectConfigurationPlatforms) = postSolution
		{D4432559-AE38-4BCC-A06E-766F43B36C8E}.Debug|Any CPU.ActiveCfg = Debug|Any CPU
		{D4432559-AE38-4BCC-A06E-766F43B36C8E}.Debug|Any CPU.Build.0 = Debug|Any CPU
		{D4432559-AE38-4BCC-A06E-766F43B36C8E}.Release|Any CPU.ActiveCfg = Release|Any CPU
		{D4432559-AE38-4BCC-A06E-766F43B36C8E}.Release|Any CPU.Build.0 = Release|Any CPU
	EndGlobalSection
	GlobalSection(SolutionProperties) = preSolution
		HideSolutionNode = FALSE
	EndGlobalSection
	GlobalSection(ExtensibilityGlobals) = postSolution
		SolutionGuid = {7C7F86AD-C606-4C92-BF28-95827501B203}
	EndGlobalSection
EndGlobal
